
Microsoft Visual Studio Solution File, Format Version 12.00
# Visual Studio 15
VisualStudioVersion = 15.0.27428.2037
MinimumVisualStudioVersion = 10.0.40219.1
Project("{8BC9CEB8-8B4A-11D0-8D11-00A0C91BC942}") = "D3D9VideoProcessor", "D3D9VideoProcessor\D3D9VideoProcessor.vcxproj", "{116BEED3-DDD8-4785-90F9-2E3BA71BC3F8}"
EndProject
Project("{8BC9CEB8-8B4A-11D0-8D11-00A0C91BC942}") = "DirectXVideoScreen", "DirectXVideoScreen\DirectXVideoScreen.vcxproj", "{03688C79-F213-4FEF-A08A-19C115C5DEF3}"
EndProject
Project("{8BC9CEB8-8B4A-11D0-8D11-00A0C91BC942}") = "D3D11VideoProcessor", "D3D11VideoProcessor\D3D11VideoProcessor.vcxproj", "{06D77100-A610-4CFE-96AF-3C9EA20B289E}"
EndProject
Project("{8BC9CEB8-8B4A-11D0-8D11-00A0C91BC942}") = "D3D11ShaderNV12", "D3D11ShaderNV12\D3D11ShaderNV12.vcxproj", "{4BA4DEB1-7B43-4445-A6D0-B9A57B4BE410}"
EndProject
Project("{8BC9CEB8-8B4A-11D0-8D11-00A0C91BC942}") = "SimpleDesktopDuplication", "SimpleDesktopDuplication\SimpleDesktopDuplication.vcxproj", "{A68CA661-5952-47E1-A4EE-C7C4D4B4AD01}"
EndProject
Global
	GlobalSection(SolutionConfigurationPlatforms) = preSolution
		Debug|x64 = Debug|x64
		Debug|x86 = Debug|x86
		Release|x64 = Release|x64
		Release|x86 = Release|x86
	EndGlobalSection
	GlobalSection(ProjectConfigurationPlatforms) = postSolution
		{116BEED3-DDD8-4785-90F9-2E3BA71BC3F8}.Debug|x64.ActiveCfg = Debug|x64
		{116BEED3-DDD8-4785-90F9-2E3BA71BC3F8}.Debug|x64.Build.0 = Debug|x64
		{116BEED3-DDD8-4785-90F9-2E3BA71BC3F8}.Debug|x86.ActiveCfg = Debug|Win32
		{116BEED3-DDD8-4785-90F9-2E3BA71BC3F8}.Debug|x86.Build.0 = Debug|Win32
		{116BEED3-DDD8-4785-90F9-2E3BA71BC3F8}.Release|x64.ActiveCfg = Release|x64
		{116BEED3-DDD8-4785-90F9-2E3BA71BC3F8}.Release|x64.Build.0 = Release|x64
		{116BEED3-DDD8-4785-90F9-2E3BA71BC3F8}.Release|x86.ActiveCfg = Release|Win32
		{116BEED3-DDD8-4785-90F9-2E3BA71BC3F8}.Release|x86.Build.0 = Release|Win32
		{03688C79-F213-4FEF-A08A-19C115C5DEF3}.Debug|x64.ActiveCfg = Debug|x64
		{03688C79-F213-4FEF-A08A-19C115C5DEF3}.Debug|x64.Build.0 = Debug|x64
		{03688C79-F213-4FEF-A08A-19C115C5DEF3}.Debug|x86.ActiveCfg = Debug|Win32
		{03688C79-F213-4FEF-A08A-19C115C5DEF3}.Debug|x86.Build.0 = Debug|Win32
		{03688C79-F213-4FEF-A08A-19C115C5DEF3}.Release|x64.ActiveCfg = Release|x64
		{03688C79-F213-4FEF-A08A-19C115C5DEF3}.Release|x64.Build.0 = Release|x64
		{03688C79-F213-4FEF-A08A-19C115C5DEF3}.Release|x86.ActiveCfg = Release|Win32
		{03688C79-F213-4FEF-A08A-19C115C5DEF3}.Release|x86.Build.0 = Release|Win32
		{06D77100-A610-4CFE-96AF-3C9EA20B289E}.Debug|x64.ActiveCfg = Debug|x64
		{06D77100-A610-4CFE-96AF-3C9EA20B289E}.Debug|x64.Build.0 = Debug|x64
		{06D77100-A610-4CFE-96AF-3C9EA20B289E}.Debug|x86.ActiveCfg = Debug|Win32
		{06D77100-A610-4CFE-96AF-3C9EA20B289E}.Debug|x86.Build.0 = Debug|Win32
		{06D77100-A610-4CFE-96AF-3C9EA20B289E}.Release|x64.ActiveCfg = Release|x64
		{06D77100-A610-4CFE-96AF-3C9EA20B289E}.Release|x64.Build.0 = Release|x64
		{06D77100-A610-4CFE-96AF-3C9EA20B289E}.Release|x86.ActiveCfg = Release|Win32
		{06D77100-A610-4CFE-96AF-3C9EA20B289E}.Release|x86.Build.0 = Release|Win32
		{4BA4DEB1-7B43-4445-A6D0-B9A57B4BE410}.Debug|x64.ActiveCfg = Debug|x64
		{4BA4DEB1-7B43-4445-A6D0-B9A57B4BE410}.Debug|x64.Build.0 = Debug|x64
		{4BA4DEB1-7B43-4445-A6D0-B9A57B4BE410}.Debug|x86.ActiveCfg = Debug|Win32
		{4BA4DEB1-7B43-4445-A6D0-B9A57B4BE410}.Debug|x86.Build.0 = Debug|Win32
		{4BA4DEB1-7B43-4445-A6D0-B9A57B4BE410}.Release|x64.ActiveCfg = Release|x64
		{4BA4DEB1-7B43-4445-A6D0-B9A57B4BE410}.Release|x64.Build.0 = Release|x64
		{4BA4DEB1-7B43-4445-A6D0-B9A57B4BE410}.Release|x86.ActiveCfg = Release|Win32
		{4BA4DEB1-7B43-4445-A6D0-B9A57B4BE410}.Release|x86.Build.0 = Release|Win32
		{A68CA661-5952-47E1-A4EE-C7C4D4B4AD01}.Debug|x64.ActiveCfg = Debug|x64
		{A68CA661-5952-47E1-A4EE-C7C4D4B4AD01}.Debug|x64.Build.0 = Debug|x64
		{A68CA661-5952-47E1-A4EE-C7C4D4B4AD01}.Debug|x86.ActiveCfg = Debug|Win32
		{A68CA661-5952-47E1-A4EE-C7C4D4B4AD01}.Debug|x86.Build.0 = Debug|Win32
		{A68CA661-5952-47E1-A4EE-C7C4D4B4AD01}.Release|x64.ActiveCfg = Release|x64
		{A68CA661-5952-47E1-A4EE-C7C4D4B4AD01}.Release|x64.Build.0 = Release|x64
		{A68CA661-5952-47E1-A4EE-C7C4D4B4AD01}.Release|x86.ActiveCfg = Release|Win32
		{A68CA661-5952-47E1-A4EE-C7C4D4B4AD01}.Release|x86.Build.0 = Release|Win32
	EndGlobalSection
	GlobalSection(SolutionProperties) = preSolution
		HideSolutionNode = FALSE
	EndGlobalSection
	GlobalSection(ExtensibilityGlobals) = postSolution
		SolutionGuid = {55238BA0-60C0-49E8-8BD0-C0C450306307}
	EndGlobalSection
EndGlobal
